// !$*UTF8*$!
{
	archiveVersion = 1;
	classes = {
	};
	objectVersion = 56;
	objects = {

/* Begin PBXBuildFile section */
		B903BEA12BA3AB0000DF01C4 /* CellManagement.swift in Sources */ = {isa = PBXBuildFile; fileRef = B903BEA02BA3AB0000DF01C4 /* CellManagement.swift */; };
		B903BEA32BA3AB4600DF01C4 /* GoalsView.swift in Sources */ = {isa = PBXBuildFile; fileRef = B903BEA22BA3AB4600DF01C4 /* GoalsView.swift */; };
		B903BEA52BA3ABD700DF01C4 /* DayViewController.swift in Sources */ = {isa = PBXBuildFile; fileRef = B903BEA42BA3ABD700DF01C4 /* DayViewController.swift */; };
		B903BEA72BA3CE8F00DF01C4 /* WeekPresenter.swift in Sources */ = {isa = PBXBuildFile; fileRef = B903BEA62BA3CE8F00DF01C4 /* WeekPresenter.swift */; };
		B903BEAB2BA3DEE900DF01C4 /* Options.swift in Sources */ = {isa = PBXBuildFile; fileRef = B903BEAA2BA3DEE900DF01C4 /* Options.swift */; };
		B903BEAD2BA3E1E600DF01C4 /* AboutViewController.swift in Sources */ = {isa = PBXBuildFile; fileRef = B903BEAC2BA3E1E600DF01C4 /* AboutViewController.swift */; };
		B903BEB02BA4580D00DF01C4 /* BoardingViewController.swift in Sources */ = {isa = PBXBuildFile; fileRef = B903BEAF2BA4580D00DF01C4 /* BoardingViewController.swift */; };
		B903BEB22BA4588700DF01C4 /* OnBoardingItem.swift in Sources */ = {isa = PBXBuildFile; fileRef = B903BEB12BA4588700DF01C4 /* OnBoardingItem.swift */; };
		B903BEB42BA4601F00DF01C4 /* BoardingPresenter.swift in Sources */ = {isa = PBXBuildFile; fileRef = B903BEB32BA4601F00DF01C4 /* BoardingPresenter.swift */; };
		B903BEBC2BA47C1500DF01C4 /* DayPresenter.swift in Sources */ = {isa = PBXBuildFile; fileRef = B903BEBB2BA47C1500DF01C4 /* DayPresenter.swift */; };
		B903BEBE2BA489AC00DF01C4 /* NotesRepository.swift in Sources */ = {isa = PBXBuildFile; fileRef = B903BEBD2BA489AC00DF01C4 /* NotesRepository.swift */; };
		B903BEC22BA4948800DF01C4 /* 11.xcdatamodeld in Sources */ = {isa = PBXBuildFile; fileRef = B903BEC02BA4948800DF01C4 /* 11.xcdatamodeld */; };
		B903BEC52BA498BE00DF01C4 /* Model.xcdatamodeld in Sources */ = {isa = PBXBuildFile; fileRef = B903BEC32BA498BE00DF01C4 /* Model.xcdatamodeld */; };
		B939B0EB2B9F7807002DE69A /* WeekViewController.swift in Sources */ = {isa = PBXBuildFile; fileRef = B939B0EA2B9F7807002DE69A /* WeekViewController.swift */; };
		B939B0EF2B9F83AF002DE69A /* ToolBar.swift in Sources */ = {isa = PBXBuildFile; fileRef = B939B0EE2B9F83AF002DE69A /* ToolBar.swift */; };
		B939B0F12B9F83ED002DE69A /* Buttons.swift in Sources */ = {isa = PBXBuildFile; fileRef = B939B0F02B9F83ED002DE69A /* Buttons.swift */; };
		B9ED6DF62B9F597900C33173 /* WeeksViewController.swift in Sources */ = {isa = PBXBuildFile; fileRef = B9ED6DF52B9F597900C33173 /* WeeksViewController.swift */; };
		B9ED6DF82B9F598D00C33173 /* WeeksPresenter.swift in Sources */ = {isa = PBXBuildFile; fileRef = B9ED6DF72B9F598D00C33173 /* WeeksPresenter.swift */; };
		FB1399982B7BDDAD00ECA39F /* AppDelegate.swift in Sources */ = {isa = PBXBuildFile; fileRef = FB1399972B7BDDAD00ECA39F /* AppDelegate.swift */; };
		FB13999A2B7BDDAD00ECA39F /* SceneDelegate.swift in Sources */ = {isa = PBXBuildFile; fileRef = FB1399992B7BDDAD00ECA39F /* SceneDelegate.swift */; };
		FB13999F2B7BDDAD00ECA39F /* Main.storyboard in Resources */ = {isa = PBXBuildFile; fileRef = FB13999D2B7BDDAD00ECA39F /* Main.storyboard */; };
		FB1399A12B7BDDAF00ECA39F /* Assets.xcassets in Resources */ = {isa = PBXBuildFile; fileRef = FB1399A02B7BDDAF00ECA39F /* Assets.xcassets */; };
		FB1399A42B7BDDAF00ECA39F /* LaunchScreen.storyboard in Resources */ = {isa = PBXBuildFile; fileRef = FB1399A22B7BDDAF00ECA39F /* LaunchScreen.storyboard */; };
		FB1399AF2B7BDDAF00ECA39F /* projectTests.swift in Sources */ = {isa = PBXBuildFile; fileRef = FB1399AE2B7BDDAF00ECA39F /* projectTests.swift */; };
		FB1399B92B7BDDAF00ECA39F /* projectUITests.swift in Sources */ = {isa = PBXBuildFile; fileRef = FB1399B82B7BDDAF00ECA39F /* projectUITests.swift */; };
		FB1399BB2B7BDDAF00ECA39F /* projectUITestsLaunchTests.swift in Sources */ = {isa = PBXBuildFile; fileRef = FB1399BA2B7BDDAF00ECA39F /* projectUITestsLaunchTests.swift */; };
		FB1399C92B7BDF1600ECA39F /* CalendarKit in Frameworks */ = {isa = PBXBuildFile; productRef = FB1399C82B7BDF1600ECA39F /* CalendarKit */; };
/* End PBXBuildFile section */

/* Begin PBXContainerItemProxy section */
		FB1399AB2B7BDDAF00ECA39F /* PBXContainerItemProxy */ = {
			isa = PBXContainerItemProxy;
			containerPortal = FB13998C2B7BDDAD00ECA39F /* Project object */;
			proxyType = 1;
			remoteGlobalIDString = FB1399932B7BDDAD00ECA39F;
			remoteInfo = project;
		};
		FB1399B52B7BDDAF00ECA39F /* PBXContainerItemProxy */ = {
			isa = PBXContainerItemProxy;
			containerPortal = FB13998C2B7BDDAD00ECA39F /* Project object */;
			proxyType = 1;
			remoteGlobalIDString = FB1399932B7BDDAD00ECA39F;
			remoteInfo = project;
		};
/* End PBXContainerItemProxy section */

/* Begin PBXFileReference section */
		B903BEA02BA3AB0000DF01C4 /* CellManagement.swift */ = {isa = PBXFileReference; lastKnownFileType = sourcecode.swift; path = CellManagement.swift; sourceTree = "<group>"; };
		B903BEA22BA3AB4600DF01C4 /* GoalsView.swift */ = {isa = PBXFileReference; lastKnownFileType = sourcecode.swift; path = GoalsView.swift; sourceTree = "<group>"; };
		B903BEA42BA3ABD700DF01C4 /* DayViewController.swift */ = {isa = PBXFileReference; lastKnownFileType = sourcecode.swift; path = DayViewController.swift; sourceTree = "<group>"; };
		B903BEA62BA3CE8F00DF01C4 /* WeekPresenter.swift */ = {isa = PBXFileReference; lastKnownFileType = sourcecode.swift; path = WeekPresenter.swift; sourceTree = "<group>"; };
		B903BEAA2BA3DEE900DF01C4 /* Options.swift */ = {isa = PBXFileReference; lastKnownFileType = sourcecode.swift; path = Options.swift; sourceTree = "<group>"; };
		B903BEAC2BA3E1E600DF01C4 /* AboutViewController.swift */ = {isa = PBXFileReference; lastKnownFileType = sourcecode.swift; path = AboutViewController.swift; sourceTree = "<group>"; };
		B903BEAF2BA4580D00DF01C4 /* BoardingViewController.swift */ = {isa = PBXFileReference; lastKnownFileType = sourcecode.swift; path = BoardingViewController.swift; sourceTree = "<group>"; };
		B903BEB12BA4588700DF01C4 /* OnBoardingItem.swift */ = {isa = PBXFileReference; lastKnownFileType = sourcecode.swift; path = OnBoardingItem.swift; sourceTree = "<group>"; };
		B903BEB32BA4601F00DF01C4 /* BoardingPresenter.swift */ = {isa = PBXFileReference; lastKnownFileType = sourcecode.swift; path = BoardingPresenter.swift; sourceTree = "<group>"; };
		B903BEBB2BA47C1500DF01C4 /* DayPresenter.swift */ = {isa = PBXFileReference; lastKnownFileType = sourcecode.swift; path = DayPresenter.swift; sourceTree = "<group>"; };
		B903BEBD2BA489AC00DF01C4 /* NotesRepository.swift */ = {isa = PBXFileReference; lastKnownFileType = sourcecode.swift; path = NotesRepository.swift; sourceTree = "<group>"; };
		B903BEC12BA4948800DF01C4 /* 11.xcdatamodel */ = {isa = PBXFileReference; lastKnownFileType = wrapper.xcdatamodel; path = 11.xcdatamodel; sourceTree = "<group>"; };
		B903BEC42BA498BE00DF01C4 /* Model.xcdatamodel */ = {isa = PBXFileReference; lastKnownFileType = wrapper.xcdatamodel; path = Model.xcdatamodel; sourceTree = "<group>"; };
		B939B0EA2B9F7807002DE69A /* WeekViewController.swift */ = {isa = PBXFileReference; lastKnownFileType = sourcecode.swift; path = WeekViewController.swift; sourceTree = "<group>"; };
		B939B0EE2B9F83AF002DE69A /* ToolBar.swift */ = {isa = PBXFileReference; lastKnownFileType = sourcecode.swift; path = ToolBar.swift; sourceTree = "<group>"; };
		B939B0F02B9F83ED002DE69A /* Buttons.swift */ = {isa = PBXFileReference; lastKnownFileType = sourcecode.swift; path = Buttons.swift; sourceTree = "<group>"; };
		B9ED6DF52B9F597900C33173 /* WeeksViewController.swift */ = {isa = PBXFileReference; lastKnownFileType = sourcecode.swift; path = WeeksViewController.swift; sourceTree = "<group>"; };
		B9ED6DF72B9F598D00C33173 /* WeeksPresenter.swift */ = {isa = PBXFileReference; lastKnownFileType = sourcecode.swift; path = WeeksPresenter.swift; sourceTree = "<group>"; };
		FB1399942B7BDDAD00ECA39F /* project.app */ = {isa = PBXFileReference; explicitFileType = wrapper.application; includeInIndex = 0; path = project.app; sourceTree = BUILT_PRODUCTS_DIR; };
		FB1399972B7BDDAD00ECA39F /* AppDelegate.swift */ = {isa = PBXFileReference; lastKnownFileType = sourcecode.swift; path = AppDelegate.swift; sourceTree = "<group>"; };
		FB1399992B7BDDAD00ECA39F /* SceneDelegate.swift */ = {isa = PBXFileReference; lastKnownFileType = sourcecode.swift; path = SceneDelegate.swift; sourceTree = "<group>"; };
		FB13999E2B7BDDAD00ECA39F /* Base */ = {isa = PBXFileReference; lastKnownFileType = file.storyboard; name = Base; path = Base.lproj/Main.storyboard; sourceTree = "<group>"; };
		FB1399A02B7BDDAF00ECA39F /* Assets.xcassets */ = {isa = PBXFileReference; lastKnownFileType = folder.assetcatalog; path = Assets.xcassets; sourceTree = "<group>"; };
		FB1399A32B7BDDAF00ECA39F /* Base */ = {isa = PBXFileReference; lastKnownFileType = file.storyboard; name = Base; path = Base.lproj/LaunchScreen.storyboard; sourceTree = "<group>"; };
		FB1399A52B7BDDAF00ECA39F /* Info.plist */ = {isa = PBXFileReference; lastKnownFileType = text.plist.xml; path = Info.plist; sourceTree = "<group>"; };
		FB1399AA2B7BDDAF00ECA39F /* projectTests.xctest */ = {isa = PBXFileReference; explicitFileType = wrapper.cfbundle; includeInIndex = 0; path = projectTests.xctest; sourceTree = BUILT_PRODUCTS_DIR; };
		FB1399AE2B7BDDAF00ECA39F /* projectTests.swift */ = {isa = PBXFileReference; lastKnownFileType = sourcecode.swift; path = projectTests.swift; sourceTree = "<group>"; };
		FB1399B42B7BDDAF00ECA39F /* projectUITests.xctest */ = {isa = PBXFileReference; explicitFileType = wrapper.cfbundle; includeInIndex = 0; path = projectUITests.xctest; sourceTree = BUILT_PRODUCTS_DIR; };
		FB1399B82B7BDDAF00ECA39F /* projectUITests.swift */ = {isa = PBXFileReference; lastKnownFileType = sourcecode.swift; path = projectUITests.swift; sourceTree = "<group>"; };
		FB1399BA2B7BDDAF00ECA39F /* projectUITestsLaunchTests.swift */ = {isa = PBXFileReference; lastKnownFileType = sourcecode.swift; path = projectUITestsLaunchTests.swift; sourceTree = "<group>"; };
/* End PBXFileReference section */

/* Begin PBXFrameworksBuildPhase section */
		FB1399912B7BDDAD00ECA39F /* Frameworks */ = {
			isa = PBXFrameworksBuildPhase;
			buildActionMask = 2147483647;
			files = (
				FB1399C92B7BDF1600ECA39F /* CalendarKit in Frameworks */,
			);
			runOnlyForDeploymentPostprocessing = 0;
		};
		FB1399A72B7BDDAF00ECA39F /* Frameworks */ = {
			isa = PBXFrameworksBuildPhase;
			buildActionMask = 2147483647;
			files = (
			);
			runOnlyForDeploymentPostprocessing = 0;
		};
		FB1399B12B7BDDAF00ECA39F /* Frameworks */ = {
			isa = PBXFrameworksBuildPhase;
			buildActionMask = 2147483647;
			files = (
			);
			runOnlyForDeploymentPostprocessing = 0;
		};
/* End PBXFrameworksBuildPhase section */

/* Begin PBXGroup section */
		B903BEA82BA3CF7E00DF01C4 /* atoms */ = {
			isa = PBXGroup;
			children = (
				B939B0F02B9F83ED002DE69A /* Buttons.swift */,
				B903BEAA2BA3DEE900DF01C4 /* Options.swift */,
			);
			path = atoms;
			sourceTree = "<group>";
		};
		B903BEA92BA3CFA600DF01C4 /* molecules */ = {
			isa = PBXGroup;
			children = (
				B939B0EE2B9F83AF002DE69A /* ToolBar.swift */,
				B903BEB12BA4588700DF01C4 /* OnBoardingItem.swift */,
			);
			path = molecules;
			sourceTree = "<group>";
		};
		B903BEAE2BA457AB00DF01C4 /* organisms */ = {
			isa = PBXGroup;
			children = (
				B9ED6DF52B9F597900C33173 /* WeeksViewController.swift */,
				B939B0EA2B9F7807002DE69A /* WeekViewController.swift */,
				B903BEA22BA3AB4600DF01C4 /* GoalsView.swift */,
				B903BEA42BA3ABD700DF01C4 /* DayViewController.swift */,
				B903BEAC2BA3E1E600DF01C4 /* AboutViewController.swift */,
				B903BEAF2BA4580D00DF01C4 /* BoardingViewController.swift */,
			);
			path = organisms;
			sourceTree = "<group>";
		};
		B903BEBF2BA4945D00DF01C4 /* models */ = {
			isa = PBXGroup;
			children = (
				B903BEC02BA4948800DF01C4 /* 11.xcdatamodeld */,
				B903BEC32BA498BE00DF01C4 /* Model.xcdatamodeld */,
			);
			path = models;
			sourceTree = "<group>";
		};
		B939B0E92B9F6EEE002DE69A /* data */ = {
			isa = PBXGroup;
			children = (
				B903BEA02BA3AB0000DF01C4 /* CellManagement.swift */,
				B903BEBD2BA489AC00DF01C4 /* NotesRepository.swift */,
			);
			path = data;
			sourceTree = "<group>";
		};
		B9ED6DF12B9F570E00C33173 /* ui */ = {
			isa = PBXGroup;
			children = (
				B9ED6DF32B9F578300C33173 /* presenter */,
				B9ED6DF22B9F571900C33173 /* view */,
			);
			path = ui;
			sourceTree = "<group>";
		};
		B9ED6DF22B9F571900C33173 /* view */ = {
			isa = PBXGroup;
			children = (
				B903BEA82BA3CF7E00DF01C4 /* atoms */,
				B903BEA92BA3CFA600DF01C4 /* molecules */,
				B903BEAE2BA457AB00DF01C4 /* organisms */,
			);
			path = view;
			sourceTree = "<group>";
		};
		B9ED6DF32B9F578300C33173 /* presenter */ = {
			isa = PBXGroup;
			children = (
				B9ED6DF72B9F598D00C33173 /* WeeksPresenter.swift */,
				B903BEA62BA3CE8F00DF01C4 /* WeekPresenter.swift */,
				B903BEB32BA4601F00DF01C4 /* BoardingPresenter.swift */,
				B903BEBB2BA47C1500DF01C4 /* DayPresenter.swift */,
			);
			path = presenter;
			sourceTree = "<group>";
		};
		FB13998B2B7BDDAD00ECA39F = {
			isa = PBXGroup;
			children = (
				B903BEBF2BA4945D00DF01C4 /* models */,
				B939B0E92B9F6EEE002DE69A /* data */,
				B9ED6DF12B9F570E00C33173 /* ui */,
				FB1399962B7BDDAD00ECA39F /* project */,
				FB1399AD2B7BDDAF00ECA39F /* projectTests */,
				FB1399B72B7BDDAF00ECA39F /* projectUITests */,
				FB1399952B7BDDAD00ECA39F /* Products */,
			);
			sourceTree = "<group>";
		};
		FB1399952B7BDDAD00ECA39F /* Products */ = {
			isa = PBXGroup;
			children = (
				FB1399942B7BDDAD00ECA39F /* project.app */,
				FB1399AA2B7BDDAF00ECA39F /* projectTests.xctest */,
				FB1399B42B7BDDAF00ECA39F /* projectUITests.xctest */,
			);
			name = Products;
			sourceTree = "<group>";
		};
		FB1399962B7BDDAD00ECA39F /* project */ = {
			isa = PBXGroup;
			children = (
				FB1399972B7BDDAD00ECA39F /* AppDelegate.swift */,
				FB1399992B7BDDAD00ECA39F /* SceneDelegate.swift */,
				FB13999D2B7BDDAD00ECA39F /* Main.storyboard */,
				FB1399A02B7BDDAF00ECA39F /* Assets.xcassets */,
				FB1399A22B7BDDAF00ECA39F /* LaunchScreen.storyboard */,
				FB1399A52B7BDDAF00ECA39F /* Info.plist */,
			);
			path = project;
			sourceTree = "<group>";
		};
		FB1399AD2B7BDDAF00ECA39F /* projectTests */ = {
			isa = PBXGroup;
			children = (
				FB1399AE2B7BDDAF00ECA39F /* projectTests.swift */,
			);
			path = projectTests;
			sourceTree = "<group>";
		};
		FB1399B72B7BDDAF00ECA39F /* projectUITests */ = {
			isa = PBXGroup;
			children = (
				FB1399B82B7BDDAF00ECA39F /* projectUITests.swift */,
				FB1399BA2B7BDDAF00ECA39F /* projectUITestsLaunchTests.swift */,
			);
			path = projectUITests;
			sourceTree = "<group>";
		};
/* End PBXGroup section */

/* Begin PBXNativeTarget section */
		FB1399932B7BDDAD00ECA39F /* project */ = {
			isa = PBXNativeTarget;
			buildConfigurationList = FB1399BE2B7BDDAF00ECA39F /* Build configuration list for PBXNativeTarget "project" */;
			buildPhases = (
				FB1399902B7BDDAD00ECA39F /* Sources */,
				FB1399912B7BDDAD00ECA39F /* Frameworks */,
				FB1399922B7BDDAD00ECA39F /* Resources */,
			);
			buildRules = (
			);
			dependencies = (
			);
			name = project;
			packageProductDependencies = (
				FB1399C82B7BDF1600ECA39F /* CalendarKit */,
			);
			productName = project;
			productReference = FB1399942B7BDDAD00ECA39F /* project.app */;
			productType = "com.apple.product-type.application";
		};
		FB1399A92B7BDDAF00ECA39F /* projectTests */ = {
			isa = PBXNativeTarget;
			buildConfigurationList = FB1399C12B7BDDAF00ECA39F /* Build configuration list for PBXNativeTarget "projectTests" */;
			buildPhases = (
				FB1399A62B7BDDAF00ECA39F /* Sources */,
				FB1399A72B7BDDAF00ECA39F /* Frameworks */,
				FB1399A82B7BDDAF00ECA39F /* Resources */,
			);
			buildRules = (
			);
			dependencies = (
				FB1399AC2B7BDDAF00ECA39F /* PBXTargetDependency */,
			);
			name = projectTests;
			productName = projectTests;
			productReference = FB1399AA2B7BDDAF00ECA39F /* projectTests.xctest */;
			productType = "com.apple.product-type.bundle.unit-test";
		};
		FB1399B32B7BDDAF00ECA39F /* projectUITests */ = {
			isa = PBXNativeTarget;
			buildConfigurationList = FB1399C42B7BDDAF00ECA39F /* Build configuration list for PBXNativeTarget "projectUITests" */;
			buildPhases = (
				FB1399B02B7BDDAF00ECA39F /* Sources */,
				FB1399B12B7BDDAF00ECA39F /* Frameworks */,
				FB1399B22B7BDDAF00ECA39F /* Resources */,
			);
			buildRules = (
			);
			dependencies = (
				FB1399B62B7BDDAF00ECA39F /* PBXTargetDependency */,
			);
			name = projectUITests;
			productName = projectUITests;
			productReference = FB1399B42B7BDDAF00ECA39F /* projectUITests.xctest */;
			productType = "com.apple.product-type.bundle.ui-testing";
		};
/* End PBXNativeTarget section */

/* Begin PBXProject section */
		FB13998C2B7BDDAD00ECA39F /* Project object */ = {
			isa = PBXProject;
			attributes = {
				BuildIndependentTargetsInParallel = 1;
				LastSwiftUpdateCheck = 1430;
				LastUpgradeCheck = 1520;
				TargetAttributes = {
					FB1399932B7BDDAD00ECA39F = {
						CreatedOnToolsVersion = 14.3.1;
					};
					FB1399A92B7BDDAF00ECA39F = {
						CreatedOnToolsVersion = 14.3.1;
						TestTargetID = FB1399932B7BDDAD00ECA39F;
					};
					FB1399B32B7BDDAF00ECA39F = {
						CreatedOnToolsVersion = 14.3.1;
						TestTargetID = FB1399932B7BDDAD00ECA39F;
					};
				};
			};
			buildConfigurationList = FB13998F2B7BDDAD00ECA39F /* Build configuration list for PBXProject "project" */;
			compatibilityVersion = "Xcode 14.0";
			developmentRegion = en;
			hasScannedForEncodings = 0;
			knownRegions = (
				en,
				Base,
			);
			mainGroup = FB13998B2B7BDDAD00ECA39F;
			packageReferences = (
				FB1399C72B7BDF1600ECA39F /* XCRemoteSwiftPackageReference "CalendarKit" */,
			);
			productRefGroup = FB1399952B7BDDAD00ECA39F /* Products */;
			projectDirPath = "";
			projectRoot = "";
			targets = (
				FB1399932B7BDDAD00ECA39F /* project */,
				FB1399A92B7BDDAF00ECA39F /* projectTests */,
				FB1399B32B7BDDAF00ECA39F /* projectUITests */,
			);
		};
/* End PBXProject section */

/* Begin PBXResourcesBuildPhase section */
		FB1399922B7BDDAD00ECA39F /* Resources */ = {
			isa = PBXResourcesBuildPhase;
			buildActionMask = 2147483647;
			files = (
				FB1399A42B7BDDAF00ECA39F /* LaunchScreen.storyboard in Resources */,
				FB1399A12B7BDDAF00ECA39F /* Assets.xcassets in Resources */,
				FB13999F2B7BDDAD00ECA39F /* Main.storyboard in Resources */,
			);
			runOnlyForDeploymentPostprocessing = 0;
		};
		FB1399A82B7BDDAF00ECA39F /* Resources */ = {
			isa = PBXResourcesBuildPhase;
			buildActionMask = 2147483647;
			files = (
			);
			runOnlyForDeploymentPostprocessing = 0;
		};
		FB1399B22B7BDDAF00ECA39F /* Resources */ = {
			isa = PBXResourcesBuildPhase;
			buildActionMask = 2147483647;
			files = (
			);
			runOnlyForDeploymentPostprocessing = 0;
		};
/* End PBXResourcesBuildPhase section */

/* Begin PBXSourcesBuildPhase section */
		FB1399902B7BDDAD00ECA39F /* Sources */ = {
			isa = PBXSourcesBuildPhase;
			buildActionMask = 2147483647;
			files = (
				B903BEB42BA4601F00DF01C4 /* BoardingPresenter.swift in Sources */,
				FB1399982B7BDDAD00ECA39F /* AppDelegate.swift in Sources */,
				B939B0F12B9F83ED002DE69A /* Buttons.swift in Sources */,
				B903BEB22BA4588700DF01C4 /* OnBoardingItem.swift in Sources */,
				B939B0EF2B9F83AF002DE69A /* ToolBar.swift in Sources */,
				B903BEC22BA4948800DF01C4 /* 11.xcdatamodeld in Sources */,
				FB13999A2B7BDDAD00ECA39F /* SceneDelegate.swift in Sources */,
				B903BEC52BA498BE00DF01C4 /* Model.xcdatamodeld in Sources */,
				B903BEAB2BA3DEE900DF01C4 /* Options.swift in Sources */,
				B903BEBE2BA489AC00DF01C4 /* NotesRepository.swift in Sources */,
				B903BEBC2BA47C1500DF01C4 /* DayPresenter.swift in Sources */,
				B903BEA32BA3AB4600DF01C4 /* GoalsView.swift in Sources */,
				B903BEA12BA3AB0000DF01C4 /* CellManagement.swift in Sources */,
				B903BEA72BA3CE8F00DF01C4 /* WeekPresenter.swift in Sources */,
				B9ED6DF62B9F597900C33173 /* WeeksViewController.swift in Sources */,
				B903BEB02BA4580D00DF01C4 /* BoardingViewController.swift in Sources */,
				B903BEA52BA3ABD700DF01C4 /* DayViewController.swift in Sources */,
				B9ED6DF82B9F598D00C33173 /* WeeksPresenter.swift in Sources */,
				B903BEAD2BA3E1E600DF01C4 /* AboutViewController.swift in Sources */,
				B939B0EB2B9F7807002DE69A /* WeekViewController.swift in Sources */,
			);
			runOnlyForDeploymentPostprocessing = 0;
		};
		FB1399A62B7BDDAF00ECA39F /* Sources */ = {
			isa = PBXSourcesBuildPhase;
			buildActionMask = 2147483647;
			files = (
				FB1399AF2B7BDDAF00ECA39F /* projectTests.swift in Sources */,
			);
			runOnlyForDeploymentPostprocessing = 0;
		};
		FB1399B02B7BDDAF00ECA39F /* Sources */ = {
			isa = PBXSourcesBuildPhase;
			buildActionMask = 2147483647;
			files = (
				FB1399BB2B7BDDAF00ECA39F /* projectUITestsLaunchTests.swift in Sources */,
				FB1399B92B7BDDAF00ECA39F /* projectUITests.swift in Sources */,
			);
			runOnlyForDeploymentPostprocessing = 0;
		};
/* End PBXSourcesBuildPhase section */

/* Begin PBXTargetDependency section */
		FB1399AC2B7BDDAF00ECA39F /* PBXTargetDependency */ = {
			isa = PBXTargetDependency;
			target = FB1399932B7BDDAD00ECA39F /* project */;
			targetProxy = FB1399AB2B7BDDAF00ECA39F /* PBXContainerItemProxy */;
		};
		FB1399B62B7BDDAF00ECA39F /* PBXTargetDependency */ = {
			isa = PBXTargetDependency;
			target = FB1399932B7BDDAD00ECA39F /* project */;
			targetProxy = FB1399B52B7BDDAF00ECA39F /* PBXContainerItemProxy */;
		};
/* End PBXTargetDependency section */

/* Begin PBXVariantGroup section */
		FB13999D2B7BDDAD00ECA39F /* Main.storyboard */ = {
			isa = PBXVariantGroup;
			children = (
				FB13999E2B7BDDAD00ECA39F /* Base */,
			);
			name = Main.storyboard;
			sourceTree = "<group>";
		};
		FB1399A22B7BDDAF00ECA39F /* LaunchScreen.storyboard */ = {
			isa = PBXVariantGroup;
			children = (
				FB1399A32B7BDDAF00ECA39F /* Base */,
			);
			name = LaunchScreen.storyboard;
			sourceTree = "<group>";
		};
/* End PBXVariantGroup section */

/* Begin XCBuildConfiguration section */
		FB1399BC2B7BDDAF00ECA39F /* Debug */ = {
			isa = XCBuildConfiguration;
			buildSettings = {
				ALWAYS_SEARCH_USER_PATHS = NO;
				CLANG_ANALYZER_NONNULL = YES;
				CLANG_ANALYZER_NUMBER_OBJECT_CONVERSION = YES_AGGRESSIVE;
				CLANG_CXX_LANGUAGE_STANDARD = "gnu++20";
				CLANG_ENABLE_MODULES = YES;
				CLANG_ENABLE_OBJC_ARC = YES;
				CLANG_ENABLE_OBJC_WEAK = YES;
				CLANG_WARN_BLOCK_CAPTURE_AUTORELEASING = YES;
				CLANG_WARN_BOOL_CONVERSION = YES;
				CLANG_WARN_COMMA = YES;
				CLANG_WARN_CONSTANT_CONVERSION = YES;
				CLANG_WARN_DEPRECATED_OBJC_IMPLEMENTATIONS = YES;
				CLANG_WARN_DIRECT_OBJC_ISA_USAGE = YES_ERROR;
				CLANG_WARN_DOCUMENTATION_COMMENTS = YES;
				CLANG_WARN_EMPTY_BODY = YES;
				CLANG_WARN_ENUM_CONVERSION = YES;
				CLANG_WARN_INFINITE_RECURSION = YES;
				CLANG_WARN_INT_CONVERSION = YES;
				CLANG_WARN_NON_LITERAL_NULL_CONVERSION = YES;
				CLANG_WARN_OBJC_IMPLICIT_RETAIN_SELF = YES;
				CLANG_WARN_OBJC_LITERAL_CONVERSION = YES;
				CLANG_WARN_OBJC_ROOT_CLASS = YES_ERROR;
				CLANG_WARN_QUOTED_INCLUDE_IN_FRAMEWORK_HEADER = YES;
				CLANG_WARN_RANGE_LOOP_ANALYSIS = YES;
				CLANG_WARN_STRICT_PROTOTYPES = YES;
				CLANG_WARN_SUSPICIOUS_MOVE = YES;
				CLANG_WARN_UNGUARDED_AVAILABILITY = YES_AGGRESSIVE;
				CLANG_WARN_UNREACHABLE_CODE = YES;
				CLANG_WARN__DUPLICATE_METHOD_MATCH = YES;
				COPY_PHASE_STRIP = NO;
				DEBUG_INFORMATION_FORMAT = dwarf;
				ENABLE_STRICT_OBJC_MSGSEND = YES;
				ENABLE_TESTABILITY = YES;
				ENABLE_USER_SCRIPT_SANDBOXING = YES;
				GCC_C_LANGUAGE_STANDARD = gnu11;
				GCC_DYNAMIC_NO_PIC = NO;
				GCC_NO_COMMON_BLOCKS = YES;
				GCC_OPTIMIZATION_LEVEL = 0;
				GCC_PREPROCESSOR_DEFINITIONS = (
					"DEBUG=1",
					"$(inherited)",
				);
				GCC_WARN_64_TO_32_BIT_CONVERSION = YES;
				GCC_WARN_ABOUT_RETURN_TYPE = YES_ERROR;
				GCC_WARN_UNDECLARED_SELECTOR = YES;
				GCC_WARN_UNINITIALIZED_AUTOS = YES_AGGRESSIVE;
				GCC_WARN_UNUSED_FUNCTION = YES;
				GCC_WARN_UNUSED_VARIABLE = YES;
				IPHONEOS_DEPLOYMENT_TARGET = 16.4;
				MTL_ENABLE_DEBUG_INFO = INCLUDE_SOURCE;
				MTL_FAST_MATH = YES;
				ONLY_ACTIVE_ARCH = YES;
				SDKROOT = iphoneos;
				SWIFT_ACTIVE_COMPILATION_CONDITIONS = DEBUG;
				SWIFT_OPTIMIZATION_LEVEL = "-Onone";
			};
			name = Debug;
		};
		FB1399BD2B7BDDAF00ECA39F /* Release */ = {
			isa = XCBuildConfiguration;
			buildSettings = {
				ALWAYS_SEARCH_USER_PATHS = NO;
				CLANG_ANALYZER_NONNULL = YES;
				CLANG_ANALYZER_NUMBER_OBJECT_CONVERSION = YES_AGGRESSIVE;
				CLANG_CXX_LANGUAGE_STANDARD = "gnu++20";
				CLANG_ENABLE_MODULES = YES;
				CLANG_ENABLE_OBJC_ARC = YES;
				CLANG_ENABLE_OBJC_WEAK = YES;
				CLANG_WARN_BLOCK_CAPTURE_AUTORELEASING = YES;
				CLANG_WARN_BOOL_CONVERSION = YES;
				CLANG_WARN_COMMA = YES;
				CLANG_WARN_CONSTANT_CONVERSION = YES;
				CLANG_WARN_DEPRECATED_OBJC_IMPLEMENTATIONS = YES;
				CLANG_WARN_DIRECT_OBJC_ISA_USAGE = YES_ERROR;
				CLANG_WARN_DOCUMENTATION_COMMENTS = YES;
				CLANG_WARN_EMPTY_BODY = YES;
				CLANG_WARN_ENUM_CONVERSION = YES;
				CLANG_WARN_INFINITE_RECURSION = YES;
				CLANG_WARN_INT_CONVERSION = YES;
				CLANG_WARN_NON_LITERAL_NULL_CONVERSION = YES;
				CLANG_WARN_OBJC_IMPLICIT_RETAIN_SELF = YES;
				CLANG_WARN_OBJC_LITERAL_CONVERSION = YES;
				CLANG_WARN_OBJC_ROOT_CLASS = YES_ERROR;
				CLANG_WARN_QUOTED_INCLUDE_IN_FRAMEWORK_HEADER = YES;
				CLANG_WARN_RANGE_LOOP_ANALYSIS = YES;
				CLANG_WARN_STRICT_PROTOTYPES = YES;
				CLANG_WARN_SUSPICIOUS_MOVE = YES;
				CLANG_WARN_UNGUARDED_AVAILABILITY = YES_AGGRESSIVE;
				CLANG_WARN_UNREACHABLE_CODE = YES;
				CLANG_WARN__DUPLICATE_METHOD_MATCH = YES;
				COPY_PHASE_STRIP = NO;
				DEBUG_INFORMATION_FORMAT = "dwarf-with-dsym";
				ENABLE_NS_ASSERTIONS = NO;
				ENABLE_STRICT_OBJC_MSGSEND = YES;
				ENABLE_USER_SCRIPT_SANDBOXING = YES;
				GCC_C_LANGUAGE_STANDARD = gnu11;
				GCC_NO_COMMON_BLOCKS = YES;
				GCC_WARN_64_TO_32_BIT_CONVERSION = YES;
				GCC_WARN_ABOUT_RETURN_TYPE = YES_ERROR;
				GCC_WARN_UNDECLARED_SELECTOR = YES;
				GCC_WARN_UNINITIALIZED_AUTOS = YES_AGGRESSIVE;
				GCC_WARN_UNUSED_FUNCTION = YES;
				GCC_WARN_UNUSED_VARIABLE = YES;
				IPHONEOS_DEPLOYMENT_TARGET = 16.4;
				MTL_ENABLE_DEBUG_INFO = NO;
				MTL_FAST_MATH = YES;
				SDKROOT = iphoneos;
				SWIFT_COMPILATION_MODE = wholemodule;
				SWIFT_OPTIMIZATION_LEVEL = "-O";
				VALIDATE_PRODUCT = YES;
			};
			name = Release;
		};
		FB1399BF2B7BDDAF00ECA39F /* Debug */ = {
			isa = XCBuildConfiguration;
			buildSettings = {
				ASSETCATALOG_COMPILER_APPICON_NAME = AppIcon;
				ASSETCATALOG_COMPILER_GLOBAL_ACCENT_COLOR_NAME = AccentColor;
				CODE_SIGN_STYLE = Automatic;
				CURRENT_PROJECT_VERSION = 1;
				GENERATE_INFOPLIST_FILE = YES;
				INFOPLIST_FILE = project/Info.plist;
				INFOPLIST_KEY_NSCalendarsUsageDescription = "Allow usage of calendar";
				INFOPLIST_KEY_UIApplicationSupportsIndirectInputEvents = YES;
				INFOPLIST_KEY_UILaunchStoryboardName = LaunchScreen;
				INFOPLIST_KEY_UIMainStoryboardFile = Main;
				INFOPLIST_KEY_UISupportedInterfaceOrientations_iPad = "UIInterfaceOrientationPortrait UIInterfaceOrientationPortraitUpsideDown UIInterfaceOrientationLandscapeLeft UIInterfaceOrientationLandscapeRight";
				INFOPLIST_KEY_UISupportedInterfaceOrientations_iPhone = "UIInterfaceOrientationPortrait UIInterfaceOrientationLandscapeLeft UIInterfaceOrientationLandscapeRight";
				LD_RUNPATH_SEARCH_PATHS = (
					"$(inherited)",
					"@executable_path/Frameworks",
				);
				MARKETING_VERSION = 1.0;
				PRODUCT_BUNDLE_IDENTIFIER = "-.project";
				PRODUCT_NAME = "$(TARGET_NAME)";
				SWIFT_EMIT_LOC_STRINGS = YES;
				SWIFT_VERSION = 5.0;
				TARGETED_DEVICE_FAMILY = "1,2";
			};
			name = Debug;
		};
		FB1399C02B7BDDAF00ECA39F /* Release */ = {
			isa = XCBuildConfiguration;
			buildSettings = {
				ASSETCATALOG_COMPILER_APPICON_NAME = AppIcon;
				ASSETCATALOG_COMPILER_GLOBAL_ACCENT_COLOR_NAME = AccentColor;
				CODE_SIGN_STYLE = Automatic;
				CURRENT_PROJECT_VERSION = 1;
				GENERATE_INFOPLIST_FILE = YES;
				INFOPLIST_FILE = project/Info.plist;
				INFOPLIST_KEY_NSCalendarsUsageDescription = "Allow usage of calendar";
				INFOPLIST_KEY_UIApplicationSupportsIndirectInputEvents = YES;
				INFOPLIST_KEY_UILaunchStoryboardName = LaunchScreen;
				INFOPLIST_KEY_UIMainStoryboardFile = Main;
				INFOPLIST_KEY_UISupportedInterfaceOrientations_iPad = "UIInterfaceOrientationPortrait UIInterfaceOrientationPortraitUpsideDown UIInterfaceOrientationLandscapeLeft UIInterfaceOrientationLandscapeRight";
				INFOPLIST_KEY_UISupportedInterfaceOrientations_iPhone = "UIInterfaceOrientationPortrait UIInterfaceOrientationLandscapeLeft UIInterfaceOrientationLandscapeRight";
				LD_RUNPATH_SEARCH_PATHS = (
					"$(inherited)",
					"@executable_path/Frameworks",
				);
				MARKETING_VERSION = 1.0;
				PRODUCT_BUNDLE_IDENTIFIER = "-.project";
				PRODUCT_NAME = "$(TARGET_NAME)";
				SWIFT_EMIT_LOC_STRINGS = YES;
				SWIFT_VERSION = 5.0;
				TARGETED_DEVICE_FAMILY = "1,2";
			};
			name = Release;
		};
		FB1399C22B7BDDAF00ECA39F /* Debug */ = {
			isa = XCBuildConfiguration;
			buildSettings = {
				ALWAYS_EMBED_SWIFT_STANDARD_LIBRARIES = YES;
				BUNDLE_LOADER = "$(TEST_HOST)";
				CODE_SIGN_STYLE = Automatic;
				CURRENT_PROJECT_VERSION = 1;
				GENERATE_INFOPLIST_FILE = YES;
				IPHONEOS_DEPLOYMENT_TARGET = 16.4;
				MARKETING_VERSION = 1.0;
				PRODUCT_BUNDLE_IDENTIFIER = "-.projectTests";
				PRODUCT_NAME = "$(TARGET_NAME)";
				SWIFT_EMIT_LOC_STRINGS = NO;
				SWIFT_VERSION = 5.0;
				TARGETED_DEVICE_FAMILY = "1,2";
				TEST_HOST = "$(BUILT_PRODUCTS_DIR)/project.app/$(BUNDLE_EXECUTABLE_FOLDER_PATH)/project";
			};
			name = Debug;
		};
		FB1399C32B7BDDAF00ECA39F /* Release */ = {
			isa = XCBuildConfiguration;
			buildSettings = {
				ALWAYS_EMBED_SWIFT_STANDARD_LIBRARIES = YES;
				BUNDLE_LOADER = "$(TEST_HOST)";
				CODE_SIGN_STYLE = Automatic;
				CURRENT_PROJECT_VERSION = 1;
				GENERATE_INFOPLIST_FILE = YES;
				IPHONEOS_DEPLOYMENT_TARGET = 16.4;
				MARKETING_VERSION = 1.0;
				PRODUCT_BUNDLE_IDENTIFIER = "-.projectTests";
				PRODUCT_NAME = "$(TARGET_NAME)";
				SWIFT_EMIT_LOC_STRINGS = NO;
				SWIFT_VERSION = 5.0;
				TARGETED_DEVICE_FAMILY = "1,2";
				TEST_HOST = "$(BUILT_PRODUCTS_DIR)/project.app/$(BUNDLE_EXECUTABLE_FOLDER_PATH)/project";
			};
			name = Release;
		};
		FB1399C52B7BDDAF00ECA39F /* Debug */ = {
			isa = XCBuildConfiguration;
			buildSettings = {
				ALWAYS_EMBED_SWIFT_STANDARD_LIBRARIES = YES;
				CODE_SIGN_STYLE = Automatic;
				CURRENT_PROJECT_VERSION = 1;
				GENERATE_INFOPLIST_FILE = YES;
				MARKETING_VERSION = 1.0;
				PRODUCT_BUNDLE_IDENTIFIER = "-.projectUITests";
				PRODUCT_NAME = "$(TARGET_NAME)";
				SWIFT_EMIT_LOC_STRINGS = NO;
				SWIFT_VERSION = 5.0;
				TARGETED_DEVICE_FAMILY = "1,2";
				TEST_TARGET_NAME = project;
			};
			name = Debug;
		};
		FB1399C62B7BDDAF00ECA39F /* Release */ = {
			isa = XCBuildConfiguration;
			buildSettings = {
				ALWAYS_EMBED_SWIFT_STANDARD_LIBRARIES = YES;
				CODE_SIGN_STYLE = Automatic;
				CURRENT_PROJECT_VERSION = 1;
				GENERATE_INFOPLIST_FILE = YES;
				MARKETING_VERSION = 1.0;
				PRODUCT_BUNDLE_IDENTIFIER = "-.projectUITests";
				PRODUCT_NAME = "$(TARGET_NAME)";
				SWIFT_EMIT_LOC_STRINGS = NO;
				SWIFT_VERSION = 5.0;
				TARGETED_DEVICE_FAMILY = "1,2";
				TEST_TARGET_NAME = project;
			};
			name = Release;
		};
/* End XCBuildConfiguration section */

/* Begin XCConfigurationList section */
		FB13998F2B7BDDAD00ECA39F /* Build configuration list for PBXProject "project" */ = {
			isa = XCConfigurationList;
			buildConfigurations = (
				FB1399BC2B7BDDAF00ECA39F /* Debug */,
				FB1399BD2B7BDDAF00ECA39F /* Release */,
			);
			defaultConfigurationIsVisible = 0;
			defaultConfigurationName = Release;
		};
		FB1399BE2B7BDDAF00ECA39F /* Build configuration list for PBXNativeTarget "project" */ = {
			isa = XCConfigurationList;
			buildConfigurations = (
				FB1399BF2B7BDDAF00ECA39F /* Debug */,
				FB1399C02B7BDDAF00ECA39F /* Release */,
			);
			defaultConfigurationIsVisible = 0;
			defaultConfigurationName = Release;
		};
		FB1399C12B7BDDAF00ECA39F /* Build configuration list for PBXNativeTarget "projectTests" */ = {
			isa = XCConfigurationList;
			buildConfigurations = (
				FB1399C22B7BDDAF00ECA39F /* Debug */,
				FB1399C32B7BDDAF00ECA39F /* Release */,
			);
			defaultConfigurationIsVisible = 0;
			defaultConfigurationName = Release;
		};
		FB1399C42B7BDDAF00ECA39F /* Build configuration list for PBXNativeTarget "projectUITests" */ = {
			isa = XCConfigurationList;
			buildConfigurations = (
				FB1399C52B7BDDAF00ECA39F /* Debug */,
				FB1399C62B7BDDAF00ECA39F /* Release */,
			);
			defaultConfigurationIsVisible = 0;
			defaultConfigurationName = Release;
		};
/* End XCConfigurationList section */

/* Begin XCRemoteSwiftPackageReference section */
		FB1399C72B7BDF1600ECA39F /* XCRemoteSwiftPackageReference "CalendarKit" */ = {
			isa = XCRemoteSwiftPackageReference;
			repositoryURL = "https://github.com/richardtop/CalendarKit.git";
			requirement = {
				kind = upToNextMajorVersion;
				minimumVersion = 1.0.0;
			};
		};
/* End XCRemoteSwiftPackageReference section */

/* Begin XCSwiftPackageProductDependency section */
		FB1399C82B7BDF1600ECA39F /* CalendarKit */ = {
			isa = XCSwiftPackageProductDependency;
			package = FB1399C72B7BDF1600ECA39F /* XCRemoteSwiftPackageReference "CalendarKit" */;
			productName = CalendarKit;
		};
/* End XCSwiftPackageProductDependency section */

/* Begin XCVersionGroup section */
		B903BEC02BA4948800DF01C4 /* 11.xcdatamodeld */ = {
			isa = XCVersionGroup;
			children = (
				B903BEC12BA4948800DF01C4 /* 11.xcdatamodel */,
			);
			currentVersion = B903BEC12BA4948800DF01C4 /* 11.xcdatamodel */;
			path = 11.xcdatamodeld;
			sourceTree = "<group>";
			versionGroupType = wrapper.xcdatamodel;
		};
		B903BEC32BA498BE00DF01C4 /* Model.xcdatamodeld */ = {
			isa = XCVersionGroup;
			children = (
				B903BEC42BA498BE00DF01C4 /* Model.xcdatamodel */,
			);
			currentVersion = B903BEC42BA498BE00DF01C4 /* Model.xcdatamodel */;
			path = Model.xcdatamodeld;
			sourceTree = "<group>";
			versionGroupType = wrapper.xcdatamodel;
		};
/* End XCVersionGroup section */
	};
	rootObject = FB13998C2B7BDDAD00ECA39F /* Project object */;
}
